
Microsoft Visual Studio Solution File, Format Version 12.00
# Visual Studio Version 16
VisualStudioVersion = 16.0.30011.22
MinimumVisualStudioVersion = 10.0.40219.1
Project("{9A19103F-16F7-4668-BE54-9A1E7A4F7556}") = "1_S1_Schrödinger", "Schrödinger\1_S1_Schrödinger.csproj", "{42E1BEE5-F7AE-47E7-959B-F1E6DAEF4F6D}"
EndProject
Project("{9A19103F-16F7-4668-BE54-9A1E7A4F7556}") = "1_S38_Variabeln", "Variabeln\1_S38_Variabeln.csproj", "{AF3648AD-4365-4F10-88BF-C4BAEE17A4E6}"
EndProject
Project("{9A19103F-16F7-4668-BE54-9A1E7A4F7556}") = "1_S41_VornameNachname", "VornameNachname\1_S41_VornameNachname.csproj", "{6DEE62CF-C458-40CE-8781-842CFCDAA4C5}"
EndProject
Project("{9A19103F-16F7-4668-BE54-9A1E7A4F7556}") = "2_S44_Datentypen", "Datentypen\2_S44_Datentypen.csproj", "{9F080645-114F-40B9-A8D1-F4DD34ACA90F}"
EndProject
Project("{9A19103F-16F7-4668-BE54-9A1E7A4F7556}") = "2_S51_Schuhgrösse", "Schuhgrösse\2_S51_Schuhgrösse.csproj", "{2F49CB3E-4BC4-4EE1-9D3E-B42C187B9577}"
EndProject
Project("{9A19103F-16F7-4668-BE54-9A1E7A4F7556}") = "3_S68_Operatoren", "Operatoren\3_S68_Operatoren.csproj", "{9F5CE6B0-F4B4-48B6-92BD-BB1F42FE2573}"
EndProject
Project("{9A19103F-16F7-4668-BE54-9A1E7A4F7556}") = "3_S66_ifAbfrage", "ifAbfrage\3_S66_ifAbfrage.csproj", "{DC0D4E05-CEA9-4D7F-AFB8-A319AC9CF156}"
EndProject
Project("{9A19103F-16F7-4668-BE54-9A1E7A4F7556}") = "3_S66_Abendgestaltung", "Abendgestaltung\3_S66_Abendgestaltung.csproj", "{6D4E2B89-F1F7-4A57-AA08-6893D9FB1533}"
EndProject
Project("{9A19103F-16F7-4668-BE54-9A1E7A4F7556}") = "3_S81_For-Schleife", "For-Schleife\3_S81_For-Schleife.csproj", "{603F8B4A-CF70-41C8-B097-82F8360B344D}"
EndProject
Project("{9A19103F-16F7-4668-BE54-9A1E7A4F7556}") = "3_S80_Array", "Array\3_S80_Array.csproj", "{D28D2EE2-5375-4BD5-B9A1-101E6F0D9036}"
EndProject
Project("{9A19103F-16F7-4668-BE54-9A1E7A4F7556}") = "3_S93_Primzahlen", "Primzahlen\3_S93_Primzahlen.csproj", "{249FA3F8-0C9D-4F95-B448-4275F0C8C0D7}"
EndProject
Project("{9A19103F-16F7-4668-BE54-9A1E7A4F7556}") = "4_S100_Strings", "Strings\4_S100_Strings.csproj", "{37AAFD8B-80E6-4C27-9405-24145B53915E}"
EndProject
Project("{9A19103F-16F7-4668-BE54-9A1E7A4F7556}") = "4_S108_VerdrehteWelt", "4_S108_VerdrehteWelt\4_S108_VerdrehteWelt.csproj", "{022499E4-AFBE-4C6D-8BE3-CC1888D424C1}"
EndProject
Project("{9A19103F-16F7-4668-BE54-9A1E7A4F7556}") = "4_S111_Nullable", "4_S111_Nullable\4_S111_Nullable.csproj", "{D3017D44-12A5-4128-ABD3-201864E44956}"
EndProject
Project("{9A19103F-16F7-4668-BE54-9A1E7A4F7556}") = "4_S109_TextSuche", "4_S109_TextSuche\4_S109_TextSuche.csproj", "{446A8A4E-F7C0-4D83-BCCE-E15B0063E69A}"
EndProject
Project("{9A19103F-16F7-4668-BE54-9A1E7A4F7556}") = "5_S120_Enumeration", "5_S120_Enumeration\5_S120_Enumeration.csproj", "{95CAA943-E31E-499F-9EBC-F266043A1264}"
EndProject
Project("{9A19103F-16F7-4668-BE54-9A1E7A4F7556}") = "6_S128_Methoden", "6_S128_Methoden\6_S128_Methoden.csproj", "{7203A56F-BF18-4AF2-B317-1525E1E86BA4}"
EndProject
Project("{9A19103F-16F7-4668-BE54-9A1E7A4F7556}") = "6_S150_Fakultät-, Fibonaccifunktion", "Rekursion und Dateisystem\6_S150_Fakultät-, Fibonaccifunktion.csproj", "{A30B836C-72F1-4F30-86F3-06E46294BB70}"
EndProject
Project("{9A19103F-16F7-4668-BE54-9A1E7A4F7556}") = "6_S150_DateisystemSuche", "6_S150_DateisystemSuche\6_S150_DateisystemSuche.csproj", "{1212B862-F288-4E3B-BFA8-180D99CF9599}"
EndProject
Project("{9A19103F-16F7-4668-BE54-9A1E7A4F7556}") = "6_S150_DateiSystemSucheBaum", "6_S150_DateiSystemsucheBaum\6_S150_DateiSystemSucheBaum.csproj", "{5294C1B2-4B12-4769-B87F-E224BC6E843C}"
EndProject
Project("{9A19103F-16F7-4668-BE54-9A1E7A4F7556}") = "7_S154_Klasse_ausprogrammierter Accessor", "7_S154_Klasse Person\7_S154_Klasse_ausprogrammierter Accessor.csproj", "{E75031BC-0282-4BDF-8FED-6D264FC984CD}"
EndProject
Project("{9A19103F-16F7-4668-BE54-9A1E7A4F7556}") = "7_S156_weitere_Aufgabe_Accessor", "7_S156_weitere_Aufgabe_Accessor\7_S156_weitere_Aufgabe_Accessor.csproj", "{EC7E326A-483F-4F89-BFC4-F86CFDE0FDED}"
EndProject
Project("{9A19103F-16F7-4668-BE54-9A1E7A4F7556}") = "7_S170_Instanz-Methode(nichtstatisch)", "7_S170_Instanz-Methode\7_S170_Instanz-Methode(nichtstatisch).csproj", "{8D808A8D-F833-46D5-9134-B8C58D21C02B}"
EndProject
Project("{9A19103F-16F7-4668-BE54-9A1E7A4F7556}") = "7_S172_Konstruktor", "7_S172_Konstruktor\7_S172_Konstruktor.csproj", "{26C91D55-4B20-4DD5-883B-F88382D04D9A}"
EndProject
Project("{9A19103F-16F7-4668-BE54-9A1E7A4F7556}") = "7_S180_Struktur", "7_S180_Struktur\7_S180_Struktur.csproj", "{6B89F2C0-B619-4E73-87D0-906D6BCA62B0}"
EndProject
Project("{9A19103F-16F7-4668-BE54-9A1E7A4F7556}") = "7_S182_Strukturen_ueberall", "7_S182_Strukturen_ueberall\7_S182_Strukturen_ueberall.csproj", "{3E0487C2-4064-4E8E-9985-EDB260FD1537}"
EndProject
Project("{9A19103F-16F7-4668-BE54-9A1E7A4F7556}") = "7_S184_Strukturen_ohne_Namen", "7_S184_Strukturen_ohne_Namen\7_S184_Strukturen_ohne_Namen.csproj", "{067CF50E-3AD2-487B-9139-F7E3F1C6DF7C}"
EndProject
Project("{9A19103F-16F7-4668-BE54-9A1E7A4F7556}") = "7_S187_Zutatenstruktur_Array", "7_S187_Zutatenstruktur_Array\7_S187_Zutatenstruktur_Array.csproj", "{3DB3512E-3619-4412-8378-4E2F8B9153E1}"
EndProject
Project("{9A19103F-16F7-4668-BE54-9A1E7A4F7556}") = "8_S198_Namespaces_verwenden", "8_S198_Namespaces_verwenden\8_S198_Namespaces_verwenden.csproj", "{99395A5E-16DB-45BF-AF61-4BAB9820BD51}"
EndProject
Project("{9A19103F-16F7-4668-BE54-9A1E7A4F7556}") = "9_S208_Erben_ohne_Sterben", "9_S208_Erben_ohne_Sterben\9_S208_Erben_ohne_Sterben.csproj", "{D5DB6579-7B00-4224-81A3-ED95352DC5AF}"
EndProject
Project("{9A19103F-16F7-4668-BE54-9A1E7A4F7556}") = "9_S218_Kompilierzeittyp_Laufzeittyp", "9_S218_Kompilierzeittyp_Laufzeittyp\9_S218_Kompilierzeittyp_Laufzeittyp.csproj", "{E8DAA745-3DBA-4EB6-9D50-FEEA29D0F57B}"
EndProject
Project("{9A19103F-16F7-4668-BE54-9A1E7A4F7556}") = "9_S221_Gestaltenwandler", "9_S221_Gestaltenwandler\9_S221_Gestaltenwandler.csproj", "{B5AB5F6A-5388-4107-899B-D3CC6ACF629F}"
EndProject
Project("{9A19103F-16F7-4668-BE54-9A1E7A4F7556}") = "A10_S230_Abstrakte_Klasse", "10_S230_Abstrakte_Klasse\A10_S230_Abstrakte_Klasse.csproj", "{7194D226-1ACA-4DA0-B711-0962B7BD456E}"
EndProject
Project("{9A19103F-16F7-4668-BE54-9A1E7A4F7556}") = "A10_S240_Kaffemaschine_im_Einsatz", "10_S240_Kaffemaschine_im_Einsatz\A10_S240_Kaffemaschine_im_Einsatz.csproj", "{B3177E73-D3C3-4BCC-8F2E-34CBB6ACC91A}"
EndProject
Project("{9A19103F-16F7-4668-BE54-9A1E7A4F7556}") = "A10_S246_Freundin_vs._Chef", "A10_S246_Freundin_vs._Chef\A10_S246_Freundin_vs._Chef.csproj", "{EA7C3791-F934-4969-9565-21E65C3D03D2}"
EndProject
Project("{9A19103F-16F7-4668-BE54-9A1E7A4F7556}") = "A11_S254_try_catch_finally", "A11_S254_try_catch_finally\A11_S254_try_catch_finally.csproj", "{BB927383-6334-4DFE-BAE8-9F33E75A6FBC}"
EndProject
Project("{9A19103F-16F7-4668-BE54-9A1E7A4F7556}") = "A11_S257_ArgumentNullException", "A11_S257_ArgumentNullException\A11_S257_ArgumentNullException.csproj", "{2E1793BC-980E-48B6-A0C1-01491BF48B72}"
EndProject
Project("{9A19103F-16F7-4668-BE54-9A1E7A4F7556}") = "A11_S265_Fehler_werfen", "A11_S265_Fehler_werfen\A11_S265_Fehler_werfen.csproj", "{A94F8487-60E1-4F60-9115-0D3E23097120}"
EndProject
Project("{9A19103F-16F7-4668-BE54-9A1E7A4F7556}") = "A11_S267_WriteHello", "A11_S267_WriteHello\A11_S267_WriteHello.csproj", "{32D1509D-E9AA-4817-9935-57ABA004CDA5}"
EndProject
Project("{9A19103F-16F7-4668-BE54-9A1E7A4F7556}") = "A11_S269_Matruschka-Prinzip", "A11_S269_Matruschka-Prinzip\A11_S269_Matruschka-Prinzip.csproj", "{18101E3C-15FA-4867-A8E8-D1BCE4347CBA}"
EndProject
Project("{9A19103F-16F7-4668-BE54-9A1E7A4F7556}") = "A11_S273_Parameterprüfung", "A11_S273_Parameterprüfung\A11_S273_Parameterprüfung.csproj", "{8B9D6DB4-80F3-467C-9C65-C355C476D193}"
EndProject
Project("{9A19103F-16F7-4668-BE54-9A1E7A4F7556}") = "A12_S282_Text_durchsuchen", "A12_S282_Text_durchsuchen\A12_S282_Text_durchsuchen.csproj", "{648A673A-90EB-43BA-85D1-D1443623A38C}"
EndProject
Project("{9A19103F-16F7-4668-BE54-9A1E7A4F7556}") = "A12_S285_Buchstabensuppe", "A12_S285_Buchstabensuppe\A12_S285_Buchstabensuppe.csproj", "{74CA183E-6039-4926-B184-693B4755FDD0}"
EndProject
Project("{9A19103F-16F7-4668-BE54-9A1E7A4F7556}") = "A12_S291_ArrayList", "A12_S291_ArrayList\A12_S291_ArrayList.csproj", "{345C4AA4-1C86-42A8-92DF-2D2070E64867}"
EndProject
Project("{FAE04EC0-301F-11D3-BF4B-00C04F79EFBC}") = "A12_S300_Difference_SortedList_Dictionary", "A12_S300_Difference_SortedList_Dictionary\A12_S300_Difference_SortedList_Dictionary.csproj", "{06893E33-CED9-4E64-B407-397657140188}"
EndProject
Project("{FAE04EC0-301F-11D3-BF4B-00C04F79EFBC}") = "A12_S302_Dictionary-Initialisierung", "A12_S302_Dictionary-Initialisierung\A12_S302_Dictionary-Initialisierung.csproj", "{88A66D7C-FE50-4226-B436-298307E9E8DE}"
EndProject
Global
	GlobalSection(SolutionConfigurationPlatforms) = preSolution
		Debug|Any CPU = Debug|Any CPU
		Release|Any CPU = Release|Any CPU
	EndGlobalSection
	GlobalSection(ProjectConfigurationPlatforms) = postSolution
		{42E1BEE5-F7AE-47E7-959B-F1E6DAEF4F6D}.Debug|Any CPU.ActiveCfg = Debug|Any CPU
		{42E1BEE5-F7AE-47E7-959B-F1E6DAEF4F6D}.Debug|Any CPU.Build.0 = Debug|Any CPU
		{42E1BEE5-F7AE-47E7-959B-F1E6DAEF4F6D}.Release|Any CPU.ActiveCfg = Release|Any CPU
		{42E1BEE5-F7AE-47E7-959B-F1E6DAEF4F6D}.Release|Any CPU.Build.0 = Release|Any CPU
		{AF3648AD-4365-4F10-88BF-C4BAEE17A4E6}.Debug|Any CPU.ActiveCfg = Debug|Any CPU
		{AF3648AD-4365-4F10-88BF-C4BAEE17A4E6}.Debug|Any CPU.Build.0 = Debug|Any CPU
		{AF3648AD-4365-4F10-88BF-C4BAEE17A4E6}.Release|Any CPU.ActiveCfg = Release|Any CPU
		{AF3648AD-4365-4F10-88BF-C4BAEE17A4E6}.Release|Any CPU.Build.0 = Release|Any CPU
		{6DEE62CF-C458-40CE-8781-842CFCDAA4C5}.Debug|Any CPU.ActiveCfg = Debug|Any CPU
		{6DEE62CF-C458-40CE-8781-842CFCDAA4C5}.Debug|Any CPU.Build.0 = Debug|Any CPU
		{6DEE62CF-C458-40CE-8781-842CFCDAA4C5}.Release|Any CPU.ActiveCfg = Release|Any CPU
		{6DEE62CF-C458-40CE-8781-842CFCDAA4C5}.Release|Any CPU.Build.0 = Release|Any CPU
		{9F080645-114F-40B9-A8D1-F4DD34ACA90F}.Debug|Any CPU.ActiveCfg = Debug|Any CPU
		{9F080645-114F-40B9-A8D1-F4DD34ACA90F}.Debug|Any CPU.Build.0 = Debug|Any CPU
		{9F080645-114F-40B9-A8D1-F4DD34ACA90F}.Release|Any CPU.ActiveCfg = Release|Any CPU
		{9F080645-114F-40B9-A8D1-F4DD34ACA90F}.Release|Any CPU.Build.0 = Release|Any CPU
		{2F49CB3E-4BC4-4EE1-9D3E-B42C187B9577}.Debug|Any CPU.ActiveCfg = Debug|Any CPU
		{2F49CB3E-4BC4-4EE1-9D3E-B42C187B9577}.Debug|Any CPU.Build.0 = Debug|Any CPU
		{2F49CB3E-4BC4-4EE1-9D3E-B42C187B9577}.Release|Any CPU.ActiveCfg = Release|Any CPU
		{2F49CB3E-4BC4-4EE1-9D3E-B42C187B9577}.Release|Any CPU.Build.0 = Release|Any CPU
		{9F5CE6B0-F4B4-48B6-92BD-BB1F42FE2573}.Debug|Any CPU.ActiveCfg = Debug|Any CPU
		{9F5CE6B0-F4B4-48B6-92BD-BB1F42FE2573}.Debug|Any CPU.Build.0 = Debug|Any CPU
		{9F5CE6B0-F4B4-48B6-92BD-BB1F42FE2573}.Release|Any CPU.ActiveCfg = Release|Any CPU
		{9F5CE6B0-F4B4-48B6-92BD-BB1F42FE2573}.Release|Any CPU.Build.0 = Release|Any CPU
		{DC0D4E05-CEA9-4D7F-AFB8-A319AC9CF156}.Debug|Any CPU.ActiveCfg = Debug|Any CPU
		{DC0D4E05-CEA9-4D7F-AFB8-A319AC9CF156}.Debug|Any CPU.Build.0 = Debug|Any CPU
		{DC0D4E05-CEA9-4D7F-AFB8-A319AC9CF156}.Release|Any CPU.ActiveCfg = Release|Any CPU
		{DC0D4E05-CEA9-4D7F-AFB8-A319AC9CF156}.Release|Any CPU.Build.0 = Release|Any CPU
		{6D4E2B89-F1F7-4A57-AA08-6893D9FB1533}.Debug|Any CPU.ActiveCfg = Debug|Any CPU
		{6D4E2B89-F1F7-4A57-AA08-6893D9FB1533}.Debug|Any CPU.Build.0 = Debug|Any CPU
		{6D4E2B89-F1F7-4A57-AA08-6893D9FB1533}.Release|Any CPU.ActiveCfg = Release|Any CPU
		{6D4E2B89-F1F7-4A57-AA08-6893D9FB1533}.Release|Any CPU.Build.0 = Release|Any CPU
		{603F8B4A-CF70-41C8-B097-82F8360B344D}.Debug|Any CPU.ActiveCfg = Debug|Any CPU
		{603F8B4A-CF70-41C8-B097-82F8360B344D}.Debug|Any CPU.Build.0 = Debug|Any CPU
		{603F8B4A-CF70-41C8-B097-82F8360B344D}.Release|Any CPU.ActiveCfg = Release|Any CPU
		{603F8B4A-CF70-41C8-B097-82F8360B344D}.Release|Any CPU.Build.0 = Release|Any CPU
		{D28D2EE2-5375-4BD5-B9A1-101E6F0D9036}.Debug|Any CPU.ActiveCfg = Debug|Any CPU
		{D28D2EE2-5375-4BD5-B9A1-101E6F0D9036}.Debug|Any CPU.Build.0 = Debug|Any CPU
		{D28D2EE2-5375-4BD5-B9A1-101E6F0D9036}.Release|Any CPU.ActiveCfg = Release|Any CPU
		{D28D2EE2-5375-4BD5-B9A1-101E6F0D9036}.Release|Any CPU.Build.0 = Release|Any CPU
		{249FA3F8-0C9D-4F95-B448-4275F0C8C0D7}.Debug|Any CPU.ActiveCfg = Debug|Any CPU
		{249FA3F8-0C9D-4F95-B448-4275F0C8C0D7}.Debug|Any CPU.Build.0 = Debug|Any CPU
		{249FA3F8-0C9D-4F95-B448-4275F0C8C0D7}.Release|Any CPU.ActiveCfg = Release|Any CPU
		{249FA3F8-0C9D-4F95-B448-4275F0C8C0D7}.Release|Any CPU.Build.0 = Release|Any CPU
		{37AAFD8B-80E6-4C27-9405-24145B53915E}.Debug|Any CPU.ActiveCfg = Debug|Any CPU
		{37AAFD8B-80E6-4C27-9405-24145B53915E}.Debug|Any CPU.Build.0 = Debug|Any CPU
		{37AAFD8B-80E6-4C27-9405-24145B53915E}.Release|Any CPU.ActiveCfg = Release|Any CPU
		{37AAFD8B-80E6-4C27-9405-24145B53915E}.Release|Any CPU.Build.0 = Release|Any CPU
		{022499E4-AFBE-4C6D-8BE3-CC1888D424C1}.Debug|Any CPU.ActiveCfg = Debug|Any CPU
		{022499E4-AFBE-4C6D-8BE3-CC1888D424C1}.Debug|Any CPU.Build.0 = Debug|Any CPU
		{022499E4-AFBE-4C6D-8BE3-CC1888D424C1}.Release|Any CPU.ActiveCfg = Release|Any CPU
		{022499E4-AFBE-4C6D-8BE3-CC1888D424C1}.Release|Any CPU.Build.0 = Release|Any CPU
		{D3017D44-12A5-4128-ABD3-201864E44956}.Debug|Any CPU.ActiveCfg = Debug|Any CPU
		{D3017D44-12A5-4128-ABD3-201864E44956}.Debug|Any CPU.Build.0 = Debug|Any CPU
		{D3017D44-12A5-4128-ABD3-201864E44956}.Release|Any CPU.ActiveCfg = Release|Any CPU
		{D3017D44-12A5-4128-ABD3-201864E44956}.Release|Any CPU.Build.0 = Release|Any CPU
		{446A8A4E-F7C0-4D83-BCCE-E15B0063E69A}.Debug|Any CPU.ActiveCfg = Debug|Any CPU
		{446A8A4E-F7C0-4D83-BCCE-E15B0063E69A}.Debug|Any CPU.Build.0 = Debug|Any CPU
		{446A8A4E-F7C0-4D83-BCCE-E15B0063E69A}.Release|Any CPU.ActiveCfg = Release|Any CPU
		{446A8A4E-F7C0-4D83-BCCE-E15B0063E69A}.Release|Any CPU.Build.0 = Release|Any CPU
		{95CAA943-E31E-499F-9EBC-F266043A1264}.Debug|Any CPU.ActiveCfg = Debug|Any CPU
		{95CAA943-E31E-499F-9EBC-F266043A1264}.Debug|Any CPU.Build.0 = Debug|Any CPU
		{95CAA943-E31E-499F-9EBC-F266043A1264}.Release|Any CPU.ActiveCfg = Release|Any CPU
		{95CAA943-E31E-499F-9EBC-F266043A1264}.Release|Any CPU.Build.0 = Release|Any CPU
		{7203A56F-BF18-4AF2-B317-1525E1E86BA4}.Debug|Any CPU.ActiveCfg = Debug|Any CPU
		{7203A56F-BF18-4AF2-B317-1525E1E86BA4}.Debug|Any CPU.Build.0 = Debug|Any CPU
		{7203A56F-BF18-4AF2-B317-1525E1E86BA4}.Release|Any CPU.ActiveCfg = Release|Any CPU
		{7203A56F-BF18-4AF2-B317-1525E1E86BA4}.Release|Any CPU.Build.0 = Release|Any CPU
		{A30B836C-72F1-4F30-86F3-06E46294BB70}.Debug|Any CPU.ActiveCfg = Debug|Any CPU
		{A30B836C-72F1-4F30-86F3-06E46294BB70}.Debug|Any CPU.Build.0 = Debug|Any CPU
		{A30B836C-72F1-4F30-86F3-06E46294BB70}.Release|Any CPU.ActiveCfg = Release|Any CPU
		{A30B836C-72F1-4F30-86F3-06E46294BB70}.Release|Any CPU.Build.0 = Release|Any CPU
		{1212B862-F288-4E3B-BFA8-180D99CF9599}.Debug|Any CPU.ActiveCfg = Debug|Any CPU
		{1212B862-F288-4E3B-BFA8-180D99CF9599}.Debug|Any CPU.Build.0 = Debug|Any CPU
		{1212B862-F288-4E3B-BFA8-180D99CF9599}.Release|Any CPU.ActiveCfg = Release|Any CPU
		{1212B862-F288-4E3B-BFA8-180D99CF9599}.Release|Any CPU.Build.0 = Release|Any CPU
		{5294C1B2-4B12-4769-B87F-E224BC6E843C}.Debug|Any CPU.ActiveCfg = Debug|Any CPU
		{5294C1B2-4B12-4769-B87F-E224BC6E843C}.Debug|Any CPU.Build.0 = Debug|Any CPU
		{5294C1B2-4B12-4769-B87F-E224BC6E843C}.Release|Any CPU.ActiveCfg = Release|Any CPU
		{5294C1B2-4B12-4769-B87F-E224BC6E843C}.Release|Any CPU.Build.0 = Release|Any CPU
		{E75031BC-0282-4BDF-8FED-6D264FC984CD}.Debug|Any CPU.ActiveCfg = Debug|Any CPU
		{E75031BC-0282-4BDF-8FED-6D264FC984CD}.Debug|Any CPU.Build.0 = Debug|Any CPU
		{E75031BC-0282-4BDF-8FED-6D264FC984CD}.Release|Any CPU.ActiveCfg = Release|Any CPU
		{E75031BC-0282-4BDF-8FED-6D264FC984CD}.Release|Any CPU.Build.0 = Release|Any CPU
		{EC7E326A-483F-4F89-BFC4-F86CFDE0FDED}.Debug|Any CPU.ActiveCfg = Debug|Any CPU
		{EC7E326A-483F-4F89-BFC4-F86CFDE0FDED}.Debug|Any CPU.Build.0 = Debug|Any CPU
		{EC7E326A-483F-4F89-BFC4-F86CFDE0FDED}.Release|Any CPU.ActiveCfg = Release|Any CPU
		{EC7E326A-483F-4F89-BFC4-F86CFDE0FDED}.Release|Any CPU.Build.0 = Release|Any CPU
		{8D808A8D-F833-46D5-9134-B8C58D21C02B}.Debug|Any CPU.ActiveCfg = Debug|Any CPU
		{8D808A8D-F833-46D5-9134-B8C58D21C02B}.Debug|Any CPU.Build.0 = Debug|Any CPU
		{8D808A8D-F833-46D5-9134-B8C58D21C02B}.Release|Any CPU.ActiveCfg = Release|Any CPU
		{8D808A8D-F833-46D5-9134-B8C58D21C02B}.Release|Any CPU.Build.0 = Release|Any CPU
		{26C91D55-4B20-4DD5-883B-F88382D04D9A}.Debug|Any CPU.ActiveCfg = Debug|Any CPU
		{26C91D55-4B20-4DD5-883B-F88382D04D9A}.Debug|Any CPU.Build.0 = Debug|Any CPU
		{26C91D55-4B20-4DD5-883B-F88382D04D9A}.Release|Any CPU.ActiveCfg = Release|Any CPU
		{26C91D55-4B20-4DD5-883B-F88382D04D9A}.Release|Any CPU.Build.0 = Release|Any CPU
		{6B89F2C0-B619-4E73-87D0-906D6BCA62B0}.Debug|Any CPU.ActiveCfg = Debug|Any CPU
		{6B89F2C0-B619-4E73-87D0-906D6BCA62B0}.Debug|Any CPU.Build.0 = Debug|Any CPU
		{6B89F2C0-B619-4E73-87D0-906D6BCA62B0}.Release|Any CPU.ActiveCfg = Release|Any CPU
		{6B89F2C0-B619-4E73-87D0-906D6BCA62B0}.Release|Any CPU.Build.0 = Release|Any CPU
		{3E0487C2-4064-4E8E-9985-EDB260FD1537}.Debug|Any CPU.ActiveCfg = Debug|Any CPU
		{3E0487C2-4064-4E8E-9985-EDB260FD1537}.Debug|Any CPU.Build.0 = Debug|Any CPU
		{3E0487C2-4064-4E8E-9985-EDB260FD1537}.Release|Any CPU.ActiveCfg = Release|Any CPU
		{3E0487C2-4064-4E8E-9985-EDB260FD1537}.Release|Any CPU.Build.0 = Release|Any CPU
		{067CF50E-3AD2-487B-9139-F7E3F1C6DF7C}.Debug|Any CPU.ActiveCfg = Debug|Any CPU
		{067CF50E-3AD2-487B-9139-F7E3F1C6DF7C}.Debug|Any CPU.Build.0 = Debug|Any CPU
		{067CF50E-3AD2-487B-9139-F7E3F1C6DF7C}.Release|Any CPU.ActiveCfg = Release|Any CPU
		{067CF50E-3AD2-487B-9139-F7E3F1C6DF7C}.Release|Any CPU.Build.0 = Release|Any CPU
		{3DB3512E-3619-4412-8378-4E2F8B9153E1}.Debug|Any CPU.ActiveCfg = Debug|Any CPU
		{3DB3512E-3619-4412-8378-4E2F8B9153E1}.Debug|Any CPU.Build.0 = Debug|Any CPU
		{3DB3512E-3619-4412-8378-4E2F8B9153E1}.Release|Any CPU.ActiveCfg = Release|Any CPU
		{3DB3512E-3619-4412-8378-4E2F8B9153E1}.Release|Any CPU.Build.0 = Release|Any CPU
		{99395A5E-16DB-45BF-AF61-4BAB9820BD51}.Debug|Any CPU.ActiveCfg = Debug|Any CPU
		{99395A5E-16DB-45BF-AF61-4BAB9820BD51}.Debug|Any CPU.Build.0 = Debug|Any CPU
		{99395A5E-16DB-45BF-AF61-4BAB9820BD51}.Release|Any CPU.ActiveCfg = Release|Any CPU
		{99395A5E-16DB-45BF-AF61-4BAB9820BD51}.Release|Any CPU.Build.0 = Release|Any CPU
		{D5DB6579-7B00-4224-81A3-ED95352DC5AF}.Debug|Any CPU.ActiveCfg = Debug|Any CPU
		{D5DB6579-7B00-4224-81A3-ED95352DC5AF}.Debug|Any CPU.Build.0 = Debug|Any CPU
		{D5DB6579-7B00-4224-81A3-ED95352DC5AF}.Release|Any CPU.ActiveCfg = Release|Any CPU
		{D5DB6579-7B00-4224-81A3-ED95352DC5AF}.Release|Any CPU.Build.0 = Release|Any CPU
		{E8DAA745-3DBA-4EB6-9D50-FEEA29D0F57B}.Debug|Any CPU.ActiveCfg = Debug|Any CPU
		{E8DAA745-3DBA-4EB6-9D50-FEEA29D0F57B}.Debug|Any CPU.Build.0 = Debug|Any CPU
		{E8DAA745-3DBA-4EB6-9D50-FEEA29D0F57B}.Release|Any CPU.ActiveCfg = Release|Any CPU
		{E8DAA745-3DBA-4EB6-9D50-FEEA29D0F57B}.Release|Any CPU.Build.0 = Release|Any CPU
		{B5AB5F6A-5388-4107-899B-D3CC6ACF629F}.Debug|Any CPU.ActiveCfg = Debug|Any CPU
		{B5AB5F6A-5388-4107-899B-D3CC6ACF629F}.Debug|Any CPU.Build.0 = Debug|Any CPU
		{B5AB5F6A-5388-4107-899B-D3CC6ACF629F}.Release|Any CPU.ActiveCfg = Release|Any CPU
		{B5AB5F6A-5388-4107-899B-D3CC6ACF629F}.Release|Any CPU.Build.0 = Release|Any CPU
		{7194D226-1ACA-4DA0-B711-0962B7BD456E}.Debug|Any CPU.ActiveCfg = Debug|Any CPU
		{7194D226-1ACA-4DA0-B711-0962B7BD456E}.Debug|Any CPU.Build.0 = Debug|Any CPU
		{7194D226-1ACA-4DA0-B711-0962B7BD456E}.Release|Any CPU.ActiveCfg = Release|Any CPU
		{7194D226-1ACA-4DA0-B711-0962B7BD456E}.Release|Any CPU.Build.0 = Release|Any CPU
		{B3177E73-D3C3-4BCC-8F2E-34CBB6ACC91A}.Debug|Any CPU.ActiveCfg = Debug|Any CPU
		{B3177E73-D3C3-4BCC-8F2E-34CBB6ACC91A}.Debug|Any CPU.Build.0 = Debug|Any CPU
		{B3177E73-D3C3-4BCC-8F2E-34CBB6ACC91A}.Release|Any CPU.ActiveCfg = Release|Any CPU
		{B3177E73-D3C3-4BCC-8F2E-34CBB6ACC91A}.Release|Any CPU.Build.0 = Release|Any CPU
		{EA7C3791-F934-4969-9565-21E65C3D03D2}.Debug|Any CPU.ActiveCfg = Debug|Any CPU
		{EA7C3791-F934-4969-9565-21E65C3D03D2}.Debug|Any CPU.Build.0 = Debug|Any CPU
		{EA7C3791-F934-4969-9565-21E65C3D03D2}.Release|Any CPU.ActiveCfg = Release|Any CPU
		{EA7C3791-F934-4969-9565-21E65C3D03D2}.Release|Any CPU.Build.0 = Release|Any CPU
		{BB927383-6334-4DFE-BAE8-9F33E75A6FBC}.Debug|Any CPU.ActiveCfg = Debug|Any CPU
		{BB927383-6334-4DFE-BAE8-9F33E75A6FBC}.Debug|Any CPU.Build.0 = Debug|Any CPU
		{BB927383-6334-4DFE-BAE8-9F33E75A6FBC}.Release|Any CPU.ActiveCfg = Release|Any CPU
		{BB927383-6334-4DFE-BAE8-9F33E75A6FBC}.Release|Any CPU.Build.0 = Release|Any CPU
		{2E1793BC-980E-48B6-A0C1-01491BF48B72}.Debug|Any CPU.ActiveCfg = Debug|Any CPU
		{2E1793BC-980E-48B6-A0C1-01491BF48B72}.Debug|Any CPU.Build.0 = Debug|Any CPU
		{2E1793BC-980E-48B6-A0C1-01491BF48B72}.Release|Any CPU.ActiveCfg = Release|Any CPU
		{2E1793BC-980E-48B6-A0C1-01491BF48B72}.Release|Any CPU.Build.0 = Release|Any CPU
		{A94F8487-60E1-4F60-9115-0D3E23097120}.Debug|Any CPU.ActiveCfg = Debug|Any CPU
		{A94F8487-60E1-4F60-9115-0D3E23097120}.Debug|Any CPU.Build.0 = Debug|Any CPU
		{A94F8487-60E1-4F60-9115-0D3E23097120}.Release|Any CPU.ActiveCfg = Release|Any CPU
		{A94F8487-60E1-4F60-9115-0D3E23097120}.Release|Any CPU.Build.0 = Release|Any CPU
		{32D1509D-E9AA-4817-9935-57ABA004CDA5}.Debug|Any CPU.ActiveCfg = Debug|Any CPU
		{32D1509D-E9AA-4817-9935-57ABA004CDA5}.Debug|Any CPU.Build.0 = Debug|Any CPU
		{32D1509D-E9AA-4817-9935-57ABA004CDA5}.Release|Any CPU.ActiveCfg = Release|Any CPU
		{32D1509D-E9AA-4817-9935-57ABA004CDA5}.Release|Any CPU.Build.0 = Release|Any CPU
		{18101E3C-15FA-4867-A8E8-D1BCE4347CBA}.Debug|Any CPU.ActiveCfg = Debug|Any CPU
		{18101E3C-15FA-4867-A8E8-D1BCE4347CBA}.Debug|Any CPU.Build.0 = Debug|Any CPU
		{18101E3C-15FA-4867-A8E8-D1BCE4347CBA}.Release|Any CPU.ActiveCfg = Release|Any CPU
		{18101E3C-15FA-4867-A8E8-D1BCE4347CBA}.Release|Any CPU.Build.0 = Release|Any CPU
		{8B9D6DB4-80F3-467C-9C65-C355C476D193}.Debug|Any CPU.ActiveCfg = Debug|Any CPU
		{8B9D6DB4-80F3-467C-9C65-C355C476D193}.Debug|Any CPU.Build.0 = Debug|Any CPU
		{8B9D6DB4-80F3-467C-9C65-C355C476D193}.Release|Any CPU.ActiveCfg = Release|Any CPU
		{8B9D6DB4-80F3-467C-9C65-C355C476D193}.Release|Any CPU.Build.0 = Release|Any CPU
		{648A673A-90EB-43BA-85D1-D1443623A38C}.Debug|Any CPU.ActiveCfg = Debug|Any CPU
		{648A673A-90EB-43BA-85D1-D1443623A38C}.Debug|Any CPU.Build.0 = Debug|Any CPU
		{648A673A-90EB-43BA-85D1-D1443623A38C}.Release|Any CPU.ActiveCfg = Release|Any CPU
		{648A673A-90EB-43BA-85D1-D1443623A38C}.Release|Any CPU.Build.0 = Release|Any CPU
		{74CA183E-6039-4926-B184-693B4755FDD0}.Debug|Any CPU.ActiveCfg = Debug|Any CPU
		{74CA183E-6039-4926-B184-693B4755FDD0}.Debug|Any CPU.Build.0 = Debug|Any CPU
		{74CA183E-6039-4926-B184-693B4755FDD0}.Release|Any CPU.ActiveCfg = Release|Any CPU
		{74CA183E-6039-4926-B184-693B4755FDD0}.Release|Any CPU.Build.0 = Release|Any CPU
		{345C4AA4-1C86-42A8-92DF-2D2070E64867}.Debug|Any CPU.ActiveCfg = Debug|Any CPU
		{345C4AA4-1C86-42A8-92DF-2D2070E64867}.Debug|Any CPU.Build.0 = Debug|Any CPU
		{345C4AA4-1C86-42A8-92DF-2D2070E64867}.Release|Any CPU.ActiveCfg = Release|Any CPU
		{345C4AA4-1C86-42A8-92DF-2D2070E64867}.Release|Any CPU.Build.0 = Release|Any CPU
		{06893E33-CED9-4E64-B407-397657140188}.Debug|Any CPU.ActiveCfg = Debug|Any CPU
		{06893E33-CED9-4E64-B407-397657140188}.Debug|Any CPU.Build.0 = Debug|Any CPU
		{06893E33-CED9-4E64-B407-397657140188}.Release|Any CPU.ActiveCfg = Release|Any CPU
		{06893E33-CED9-4E64-B407-397657140188}.Release|Any CPU.Build.0 = Release|Any CPU
		{88A66D7C-FE50-4226-B436-298307E9E8DE}.Debug|Any CPU.ActiveCfg = Debug|Any CPU
		{88A66D7C-FE50-4226-B436-298307E9E8DE}.Debug|Any CPU.Build.0 = Debug|Any CPU
		{88A66D7C-FE50-4226-B436-298307E9E8DE}.Release|Any CPU.ActiveCfg = Release|Any CPU
		{88A66D7C-FE50-4226-B436-298307E9E8DE}.Release|Any CPU.Build.0 = Release|Any CPU
	EndGlobalSection
	GlobalSection(SolutionProperties) = preSolution
		HideSolutionNode = FALSE
	EndGlobalSection
	GlobalSection(ExtensibilityGlobals) = postSolution
		SolutionGuid = {FC6092C1-6C2F-4FE7-AEFB-BEB00EFBDA8C}
	EndGlobalSection
EndGlobal
